
Microsoft Visual Studio Solution File, Format Version 12.00
# Visual Studio Version 17
VisualStudioVersion = 17.8.34330.188
MinimumVisualStudioVersion = 10.0.40219.1
Project("{9A19103F-16F7-4668-BE54-9A1E7A4F7556}") = "GrpcSync.Client", "GrpcSync\Client\GrpcSync.Client.csproj", "{96E85BE4-2AC4-4783-8AEE-32D76022AF0F}"
EndProject
Project("{9A19103F-16F7-4668-BE54-9A1E7A4F7556}") = "GrpcSync.Shared", "GrpcSync\Shared\GrpcSync.Shared.csproj", "{1C462234-E85C-459D-B5F9-CB9926403E5B}"
EndProject
Project("{9A19103F-16F7-4668-BE54-9A1E7A4F7556}") = "GrpcSync.Server", "GrpcSync.Server\GrpcSync.Server.csproj", "{7FC65BE6-37BD-41F8-BEBE-738005809EFC}"
EndProject
Global
	GlobalSection(SolutionConfigurationPlatforms) = preSolution
		Debug|Any CPU = Debug|Any CPU
		Release|Any CPU = Release|Any CPU
	EndGlobalSection
	GlobalSection(ProjectConfigurationPlatforms) = postSolution
		{96E85BE4-2AC4-4783-8AEE-32D76022AF0F}.Debug|Any CPU.ActiveCfg = Debug|Any CPU
		{96E85BE4-2AC4-4783-8AEE-32D76022AF0F}.Debug|Any CPU.Build.0 = Debug|Any CPU
		{96E85BE4-2AC4-4783-8AEE-32D76022AF0F}.Release|Any CPU.ActiveCfg = Release|Any CPU
		{96E85BE4-2AC4-4783-8AEE-32D76022AF0F}.Release|Any CPU.Build.0 = Release|Any CPU
		{1C462234-E85C-459D-B5F9-CB9926403E5B}.Debug|Any CPU.ActiveCfg = Debug|Any CPU
		{1C462234-E85C-459D-B5F9-CB9926403E5B}.Debug|Any CPU.Build.0 = Debug|Any CPU
		{1C462234-E85C-459D-B5F9-CB9926403E5B}.Release|Any CPU.ActiveCfg = Release|Any CPU
		{1C462234-E85C-459D-B5F9-CB9926403E5B}.Release|Any CPU.Build.0 = Release|Any CPU
		{7FC65BE6-37BD-41F8-BEBE-738005809EFC}.Debug|Any CPU.ActiveCfg = Debug|Any CPU
		{7FC65BE6-37BD-41F8-BEBE-738005809EFC}.Debug|Any CPU.Build.0 = Debug|Any CPU
		{7FC65BE6-37BD-41F8-BEBE-738005809EFC}.Release|Any CPU.ActiveCfg = Release|Any CPU
		{7FC65BE6-37BD-41F8-BEBE-738005809EFC}.Release|Any CPU.Build.0 = Release|Any CPU
	EndGlobalSection
	GlobalSection(SolutionProperties) = preSolution
		HideSolutionNode = FALSE
	EndGlobalSection
	GlobalSection(ExtensibilityGlobals) = postSolution
		SolutionGuid = {9682C74A-66DD-4AF8-9C45-5933CB29B5CD}
	EndGlobalSection
EndGlobal
